
Microsoft Visual Studio Solution File, Format Version 12.00
# Visual Studio Version 17
VisualStudioVersion = 17.1.32414.318
MinimumVisualStudioVersion = 10.0.40219.1
Project("{9A19103F-16F7-4668-BE54-9A1E7A4F7556}") = "variaveis-numericas-alura", "variaveis-numericas-alura\variaveis-numericas-alura.csproj", "{D6F5300E-F31D-4E9B-BCCA-DEDAEA9ABA56}"
EndProject
Project("{9A19103F-16F7-4668-BE54-9A1E7A4F7556}") = "tipo-double-pontos-flutuantes", "tipo-double-pontos-flutuantes\tipo-double-pontos-flutuantes.csproj", "{B8AA6232-A476-4ABE-848B-D1646617F39B}"
EndProject
Project("{9A19103F-16F7-4668-BE54-9A1E7A4F7556}") = "conversoes-de-variaveis", "conversoes-de-variaveis\conversoes-de-variaveis.csproj", "{7F0F6AD3-5AA9-4C92-9EDE-74FFC8F9D132}"
EndProject
Project("{9A19103F-16F7-4668-BE54-9A1E7A4F7556}") = "characteres-strings", "characteres-strings\characteres-strings.csproj", "{3B5DB511-B9C0-4C7A-A12A-FC12060A26DC}"
EndProject
Project("{9A19103F-16F7-4668-BE54-9A1E7A4F7556}") = "atribuicao-de-variavel", "atribuicao-de-variavel\atribuicao-de-variavel.csproj", "{17288BA4-0C16-4467-B043-F01795363347}"
EndProject
Project("{FAE04EC0-301F-11D3-BF4B-00C04F79EFBC}") = "condicionais", "condicionais\condicionais.csproj", "{E45417E5-98FB-475D-8231-34A6B3C74FA2}"
EndProject
Project("{FAE04EC0-301F-11D3-BF4B-00C04F79EFBC}") = "Variaveis-bool", "Variaveis-bool\Variaveis-bool.csproj", "{4DAE9EA8-6437-4B49-B2AF-0D62CEF6825D}"
EndProject
Project("{FAE04EC0-301F-11D3-BF4B-00C04F79EFBC}") = "escopo", "escopo\escopo.csproj", "{F7D4992D-9F02-4B49-88CC-29E112511A03}"
EndProject
Project("{FAE04EC0-301F-11D3-BF4B-00C04F79EFBC}") = "laços-de-repeticao", "laços-de-repeticao\laços-de-repeticao.csproj", "{6D5398A8-8309-481E-9409-F020920FB8F9}"
EndProject
Global
	GlobalSection(SolutionConfigurationPlatforms) = preSolution
		Debug|Any CPU = Debug|Any CPU
		Release|Any CPU = Release|Any CPU
	EndGlobalSection
	GlobalSection(ProjectConfigurationPlatforms) = postSolution
		{D6F5300E-F31D-4E9B-BCCA-DEDAEA9ABA56}.Debug|Any CPU.ActiveCfg = Debug|Any CPU
		{D6F5300E-F31D-4E9B-BCCA-DEDAEA9ABA56}.Debug|Any CPU.Build.0 = Debug|Any CPU
		{D6F5300E-F31D-4E9B-BCCA-DEDAEA9ABA56}.Release|Any CPU.ActiveCfg = Release|Any CPU
		{D6F5300E-F31D-4E9B-BCCA-DEDAEA9ABA56}.Release|Any CPU.Build.0 = Release|Any CPU
		{B8AA6232-A476-4ABE-848B-D1646617F39B}.Debug|Any CPU.ActiveCfg = Debug|Any CPU
		{B8AA6232-A476-4ABE-848B-D1646617F39B}.Debug|Any CPU.Build.0 = Debug|Any CPU
		{B8AA6232-A476-4ABE-848B-D1646617F39B}.Release|Any CPU.ActiveCfg = Release|Any CPU
		{B8AA6232-A476-4ABE-848B-D1646617F39B}.Release|Any CPU.Build.0 = Release|Any CPU
		{7F0F6AD3-5AA9-4C92-9EDE-74FFC8F9D132}.Debug|Any CPU.ActiveCfg = Debug|Any CPU
		{7F0F6AD3-5AA9-4C92-9EDE-74FFC8F9D132}.Debug|Any CPU.Build.0 = Debug|Any CPU
		{7F0F6AD3-5AA9-4C92-9EDE-74FFC8F9D132}.Release|Any CPU.ActiveCfg = Release|Any CPU
		{7F0F6AD3-5AA9-4C92-9EDE-74FFC8F9D132}.Release|Any CPU.Build.0 = Release|Any CPU
		{3B5DB511-B9C0-4C7A-A12A-FC12060A26DC}.Debug|Any CPU.ActiveCfg = Debug|Any CPU
		{3B5DB511-B9C0-4C7A-A12A-FC12060A26DC}.Debug|Any CPU.Build.0 = Debug|Any CPU
		{3B5DB511-B9C0-4C7A-A12A-FC12060A26DC}.Release|Any CPU.ActiveCfg = Release|Any CPU
		{3B5DB511-B9C0-4C7A-A12A-FC12060A26DC}.Release|Any CPU.Build.0 = Release|Any CPU
		{17288BA4-0C16-4467-B043-F01795363347}.Debug|Any CPU.ActiveCfg = Debug|Any CPU
		{17288BA4-0C16-4467-B043-F01795363347}.Debug|Any CPU.Build.0 = Debug|Any CPU
		{17288BA4-0C16-4467-B043-F01795363347}.Release|Any CPU.ActiveCfg = Release|Any CPU
		{17288BA4-0C16-4467-B043-F01795363347}.Release|Any CPU.Build.0 = Release|Any CPU
		{E45417E5-98FB-475D-8231-34A6B3C74FA2}.Debug|Any CPU.ActiveCfg = Debug|Any CPU
		{E45417E5-98FB-475D-8231-34A6B3C74FA2}.Debug|Any CPU.Build.0 = Debug|Any CPU
		{E45417E5-98FB-475D-8231-34A6B3C74FA2}.Release|Any CPU.ActiveCfg = Release|Any CPU
		{E45417E5-98FB-475D-8231-34A6B3C74FA2}.Release|Any CPU.Build.0 = Release|Any CPU
		{4DAE9EA8-6437-4B49-B2AF-0D62CEF6825D}.Debug|Any CPU.ActiveCfg = Debug|Any CPU
		{4DAE9EA8-6437-4B49-B2AF-0D62CEF6825D}.Debug|Any CPU.Build.0 = Debug|Any CPU
		{4DAE9EA8-6437-4B49-B2AF-0D62CEF6825D}.Release|Any CPU.ActiveCfg = Release|Any CPU
		{4DAE9EA8-6437-4B49-B2AF-0D62CEF6825D}.Release|Any CPU.Build.0 = Release|Any CPU
		{F7D4992D-9F02-4B49-88CC-29E112511A03}.Debug|Any CPU.ActiveCfg = Debug|Any CPU
		{F7D4992D-9F02-4B49-88CC-29E112511A03}.Debug|Any CPU.Build.0 = Debug|Any CPU
		{F7D4992D-9F02-4B49-88CC-29E112511A03}.Release|Any CPU.ActiveCfg = Release|Any CPU
		{F7D4992D-9F02-4B49-88CC-29E112511A03}.Release|Any CPU.Build.0 = Release|Any CPU
		{6D5398A8-8309-481E-9409-F020920FB8F9}.Debug|Any CPU.ActiveCfg = Debug|Any CPU
		{6D5398A8-8309-481E-9409-F020920FB8F9}.Debug|Any CPU.Build.0 = Debug|Any CPU
		{6D5398A8-8309-481E-9409-F020920FB8F9}.Release|Any CPU.ActiveCfg = Release|Any CPU
		{6D5398A8-8309-481E-9409-F020920FB8F9}.Release|Any CPU.Build.0 = Release|Any CPU
	EndGlobalSection
	GlobalSection(SolutionProperties) = preSolution
		HideSolutionNode = FALSE
	EndGlobalSection
	GlobalSection(ExtensibilityGlobals) = postSolution
		SolutionGuid = {F65EC636-31D2-4BA8-B655-1E83E46ECA90}
	EndGlobalSection
EndGlobal
